// !$*UTF8*$!
{
	archiveVersion = 1;
	classes = {
	};
	objectVersion = 50;
	objects = {

/* Begin PBXBuildFile section */
		44311BD42410012C00055D08 /* AppDelegate.swift in Sources */ = {isa = PBXBuildFile; fileRef = 44311BD32410012C00055D08 /* AppDelegate.swift */; };
		44311BD62410012C00055D08 /* SceneDelegate.swift in Sources */ = {isa = PBXBuildFile; fileRef = 44311BD52410012C00055D08 /* SceneDelegate.swift */; };
		44311BD82410012C00055D08 /* ViewController.swift in Sources */ = {isa = PBXBuildFile; fileRef = 44311BD72410012C00055D08 /* ViewController.swift */; };
		44311BDB2410012C00055D08 /* Main.storyboard in Resources */ = {isa = PBXBuildFile; fileRef = 44311BD92410012C00055D08 /* Main.storyboard */; };
		44311BDD2410013600055D08 /* Assets.xcassets in Resources */ = {isa = PBXBuildFile; fileRef = 44311BDC2410013600055D08 /* Assets.xcassets */; };
		44311BE02410013600055D08 /* LaunchScreen.storyboard in Resources */ = {isa = PBXBuildFile; fileRef = 44311BDE2410013600055D08 /* LaunchScreen.storyboard */; };
		44311BEB2410013700055D08 /* MySNSTests.swift in Sources */ = {isa = PBXBuildFile; fileRef = 44311BEA2410013700055D08 /* MySNSTests.swift */; };
		44311BF62410013700055D08 /* MySNSUITests.swift in Sources */ = {isa = PBXBuildFile; fileRef = 44311BF52410013700055D08 /* MySNSUITests.swift */; };
/* End PBXBuildFile section */

/* Begin PBXContainerItemProxy section */
		44311BE72410013700055D08 /* PBXContainerItemProxy */ = {
			isa = PBXContainerItemProxy;
			containerPortal = 44311BC82410012C00055D08 /* Project object */;
			proxyType = 1;
			remoteGlobalIDString = 44311BCF2410012C00055D08;
			remoteInfo = MySNS;
		};
		44311BF22410013700055D08 /* PBXContainerItemProxy */ = {
			isa = PBXContainerItemProxy;
			containerPortal = 44311BC82410012C00055D08 /* Project object */;
			proxyType = 1;
			remoteGlobalIDString = 44311BCF2410012C00055D08;
			remoteInfo = MySNS;
		};
/* End PBXContainerItemProxy section */

/* Begin PBXFileReference section */
		44311BD02410012C00055D08 /* MySNS.app */ = {isa = PBXFileReference; explicitFileType = wrapper.application; includeInIndex = 0; path = MySNS.app; sourceTree = BUILT_PRODUCTS_DIR; };
		44311BD32410012C00055D08 /* AppDelegate.swift */ = {isa = PBXFileReference; lastKnownFileType = sourcecode.swift; path = AppDelegate.swift; sourceTree = "<group>"; };
		44311BD52410012C00055D08 /* SceneDelegate.swift */ = {isa = PBXFileReference; lastKnownFileType = sourcecode.swift; path = SceneDelegate.swift; sourceTree = "<group>"; };
		44311BD72410012C00055D08 /* ViewController.swift */ = {isa = PBXFileReference; lastKnownFileType = sourcecode.swift; path = ViewController.swift; sourceTree = "<group>"; };
		44311BDA2410012C00055D08 /* Base */ = {isa = PBXFileReference; lastKnownFileType = file.storyboard; name = Base; path = Base.lproj/Main.storyboard; sourceTree = "<group>"; };
		44311BDC2410013600055D08 /* Assets.xcassets */ = {isa = PBXFileReference; lastKnownFileType = folder.assetcatalog; path = Assets.xcassets; sourceTree = "<group>"; };
		44311BDF2410013600055D08 /* Base */ = {isa = PBXFileReference; lastKnownFileType = file.storyboard; name = Base; path = Base.lproj/LaunchScreen.storyboard; sourceTree = "<group>"; };
		44311BE12410013600055D08 /* Info.plist */ = {isa = PBXFileReference; lastKnownFileType = text.plist.xml; path = Info.plist; sourceTree = "<group>"; };
		44311BE62410013700055D08 /* MySNSTests.xctest */ = {isa = PBXFileReference; explicitFileType = wrapper.cfbundle; includeInIndex = 0; path = MySNSTests.xctest; sourceTree = BUILT_PRODUCTS_DIR; };
		44311BEA2410013700055D08 /* MySNSTests.swift */ = {isa = PBXFileReference; lastKnownFileType = sourcecode.swift; path = MySNSTests.swift; sourceTree = "<group>"; };
		44311BEC2410013700055D08 /* Info.plist */ = {isa = PBXFileReference; lastKnownFileType = text.plist.xml; path = Info.plist; sourceTree = "<group>"; };
		44311BF12410013700055D08 /* MySNSUITests.xctest */ = {isa = PBXFileReference; explicitFileType = wrapper.cfbundle; includeInIndex = 0; path = MySNSUITests.xctest; sourceTree = BUILT_PRODUCTS_DIR; };
		44311BF52410013700055D08 /* MySNSUITests.swift */ = {isa = PBXFileReference; lastKnownFileType = sourcecode.swift; path = MySNSUITests.swift; sourceTree = "<group>"; };
		44311BF72410013700055D08 /* Info.plist */ = {isa = PBXFileReference; lastKnownFileType = text.plist.xml; path = Info.plist; sourceTree = "<group>"; };
/* End PBXFileReference section */

/* Begin PBXFrameworksBuildPhase section */
		44311BCD2410012C00055D08 /* Frameworks */ = {
			isa = PBXFrameworksBuildPhase;
			buildActionMask = 2147483647;
			files = (
			);
			runOnlyForDeploymentPostprocessing = 0;
		};
		44311BE32410013700055D08 /* Frameworks */ = {
			isa = PBXFrameworksBuildPhase;
			buildActionMask = 2147483647;
			files = (
			);
			runOnlyForDeploymentPostprocessing = 0;
		};
		44311BEE2410013700055D08 /* Frameworks */ = {
			isa = PBXFrameworksBuildPhase;
			buildActionMask = 2147483647;
			files = (
			);
			runOnlyForDeploymentPostprocessing = 0;
		};
/* End PBXFrameworksBuildPhase section */

/* Begin PBXGroup section */
		44311BC72410012C00055D08 = {
			isa = PBXGroup;
			children = (
				44311BD22410012C00055D08 /* MySNS */,
				44311BE92410013700055D08 /* MySNSTests */,
				44311BF42410013700055D08 /* MySNSUITests */,
				44311BD12410012C00055D08 /* Products */,
			);
			sourceTree = "<group>";
		};
		44311BD12410012C00055D08 /* Products */ = {
			isa = PBXGroup;
			children = (
				44311BD02410012C00055D08 /* MySNS.app */,
				44311BE62410013700055D08 /* MySNSTests.xctest */,
				44311BF12410013700055D08 /* MySNSUITests.xctest */,
			);
			name = Products;
			sourceTree = "<group>";
		};
		44311BD22410012C00055D08 /* MySNS */ = {
			isa = PBXGroup;
			children = (
				44311BD32410012C00055D08 /* AppDelegate.swift */,
				44311BD52410012C00055D08 /* SceneDelegate.swift */,
				44311BD72410012C00055D08 /* ViewController.swift */,
				44311BD92410012C00055D08 /* Main.storyboard */,
				44311BDC2410013600055D08 /* Assets.xcassets */,
				44311BDE2410013600055D08 /* LaunchScreen.storyboard */,
				44311BE12410013600055D08 /* Info.plist */,
			);
			path = MySNS;
			sourceTree = "<group>";
		};
		44311BE92410013700055D08 /* MySNSTests */ = {
			isa = PBXGroup;
			children = (
				44311BEA2410013700055D08 /* MySNSTests.swift */,
				44311BEC2410013700055D08 /* Info.plist */,
			);
			path = MySNSTests;
			sourceTree = "<group>";
		};
		44311BF42410013700055D08 /* MySNSUITests */ = {
			isa = PBXGroup;
			children = (
				44311BF52410013700055D08 /* MySNSUITests.swift */,
				44311BF72410013700055D08 /* Info.plist */,
			);
			path = MySNSUITests;
			sourceTree = "<group>";
		};
/* End PBXGroup section */

/* Begin PBXNativeTarget section */
		44311BCF2410012C00055D08 /* MySNS */ = {
			isa = PBXNativeTarget;
			buildConfigurationList = 44311BFA2410013700055D08 /* Build configuration list for PBXNativeTarget "MySNS" */;
			buildPhases = (
				44311BCC2410012C00055D08 /* Sources */,
				44311BCD2410012C00055D08 /* Frameworks */,
				44311BCE2410012C00055D08 /* Resources */,
			);
			buildRules = (
			);
			dependencies = (
			);
			name = MySNS;
			productName = MySNS;
			productReference = 44311BD02410012C00055D08 /* MySNS.app */;
			productType = "com.apple.product-type.application";
		};
		44311BE52410013700055D08 /* MySNSTests */ = {
			isa = PBXNativeTarget;
			buildConfigurationList = 44311BFD2410013700055D08 /* Build configuration list for PBXNativeTarget "MySNSTests" */;
			buildPhases = (
				44311BE22410013700055D08 /* Sources */,
				44311BE32410013700055D08 /* Frameworks */,
				44311BE42410013700055D08 /* Resources */,
			);
			buildRules = (
			);
			dependencies = (
				44311BE82410013700055D08 /* PBXTargetDependency */,
			);
			name = MySNSTests;
			productName = MySNSTests;
			productReference = 44311BE62410013700055D08 /* MySNSTests.xctest */;
			productType = "com.apple.product-type.bundle.unit-test";
		};
		44311BF02410013700055D08 /* MySNSUITests */ = {
			isa = PBXNativeTarget;
			buildConfigurationList = 44311C002410013700055D08 /* Build configuration list for PBXNativeTarget "MySNSUITests" */;
			buildPhases = (
				44311BED2410013700055D08 /* Sources */,
				44311BEE2410013700055D08 /* Frameworks */,
				44311BEF2410013700055D08 /* Resources */,
			);
			buildRules = (
			);
			dependencies = (
				44311BF32410013700055D08 /* PBXTargetDependency */,
			);
			name = MySNSUITests;
			productName = MySNSUITests;
			productReference = 44311BF12410013700055D08 /* MySNSUITests.xctest */;
			productType = "com.apple.product-type.bundle.ui-testing";
		};
/* End PBXNativeTarget section */

/* Begin PBXProject section */
		44311BC82410012C00055D08 /* Project object */ = {
			isa = PBXProject;
			attributes = {
				LastSwiftUpdateCheck = 1130;
				LastUpgradeCheck = 1130;
				ORGANIZATIONNAME = "工藤海斗";
				TargetAttributes = {
					44311BCF2410012C00055D08 = {
						CreatedOnToolsVersion = 11.3.1;
					};
					44311BE52410013700055D08 = {
						CreatedOnToolsVersion = 11.3.1;
						TestTargetID = 44311BCF2410012C00055D08;
					};
					44311BF02410013700055D08 = {
						CreatedOnToolsVersion = 11.3.1;
						TestTargetID = 44311BCF2410012C00055D08;
					};
				};
			};
			buildConfigurationList = 44311BCB2410012C00055D08 /* Build configuration list for PBXProject "MySNS" */;
			compatibilityVersion = "Xcode 9.3";
			developmentRegion = en;
			hasScannedForEncodings = 0;
			knownRegions = (
				en,
				Base,
			);
			mainGroup = 44311BC72410012C00055D08;
			productRefGroup = 44311BD12410012C00055D08 /* Products */;
			projectDirPath = "";
			projectRoot = "";
			targets = (
				44311BCF2410012C00055D08 /* MySNS */,
				44311BE52410013700055D08 /* MySNSTests */,
				44311BF02410013700055D08 /* MySNSUITests */,
			);
		};
/* End PBXProject section */

/* Begin PBXResourcesBuildPhase section */
		44311BCE2410012C00055D08 /* Resources */ = {
			isa = PBXResourcesBuildPhase;
			buildActionMask = 2147483647;
			files = (
				44311BE02410013600055D08 /* LaunchScreen.storyboard in Resources */,
				44311BDD2410013600055D08 /* Assets.xcassets in Resources */,
				44311BDB2410012C00055D08 /* Main.storyboard in Resources */,
			);
			runOnlyForDeploymentPostprocessing = 0;
		};
		44311BE42410013700055D08 /* Resources */ = {
			isa = PBXResourcesBuildPhase;
			buildActionMask = 2147483647;
			files = (
			);
			runOnlyForDeploymentPostprocessing = 0;
		};
		44311BEF2410013700055D08 /* Resources */ = {
			isa = PBXResourcesBuildPhase;
			buildActionMask = 2147483647;
			files = (
			);
			runOnlyForDeploymentPostprocessing = 0;
		};
/* End PBXResourcesBuildPhase section */

/* Begin PBXSourcesBuildPhase section */
		44311BCC2410012C00055D08 /* Sources */ = {
			isa = PBXSourcesBuildPhase;
			buildActionMask = 2147483647;
			files = (
				44311BD82410012C00055D08 /* ViewController.swift in Sources */,
				44311BD42410012C00055D08 /* AppDelegate.swift in Sources */,
				44311BD62410012C00055D08 /* SceneDelegate.swift in Sources */,
			);
			runOnlyForDeploymentPostprocessing = 0;
		};
		44311BE22410013700055D08 /* Sources */ = {
			isa = PBXSourcesBuildPhase;
			buildActionMask = 2147483647;
			files = (
				44311BEB2410013700055D08 /* MySNSTests.swift in Sources */,
			);
			runOnlyForDeploymentPostprocessing = 0;
		};
		44311BED2410013700055D08 /* Sources */ = {
			isa = PBXSourcesBuildPhase;
			buildActionMask = 2147483647;
			files = (
				44311BF62410013700055D08 /* MySNSUITests.swift in Sources */,
			);
			runOnlyForDeploymentPostprocessing = 0;
		};
/* End PBXSourcesBuildPhase section */

/* Begin PBXTargetDependency section */
		44311BE82410013700055D08 /* PBXTargetDependency */ = {
			isa = PBXTargetDependency;
			target = 44311BCF2410012C00055D08 /* MySNS */;
			targetProxy = 44311BE72410013700055D08 /* PBXContainerItemProxy */;
		};
		44311BF32410013700055D08 /* PBXTargetDependency */ = {
			isa = PBXTargetDependency;
			target = 44311BCF2410012C00055D08 /* MySNS */;
			targetProxy = 44311BF22410013700055D08 /* PBXContainerItemProxy */;
		};
/* End PBXTargetDependency section */

/* Begin PBXVariantGroup section */
		44311BD92410012C00055D08 /* Main.storyboard */ = {
			isa = PBXVariantGroup;
			children = (
				44311BDA2410012C00055D08 /* Base */,
			);
			name = Main.storyboard;
			sourceTree = "<group>";
		};
		44311BDE2410013600055D08 /* LaunchScreen.storyboard */ = {
			isa = PBXVariantGroup;
			children = (
				44311BDF2410013600055D08 /* Base */,
			);
			name = LaunchScreen.storyboard;
			sourceTree = "<group>";
		};
/* End PBXVariantGroup section */

/* Begin XCBuildConfiguration section */
		44311BF82410013700055D08 /* Debug */ = {
			isa = XCBuildConfiguration;
			buildSettings = {
				ALWAYS_SEARCH_USER_PATHS = NO;
				CLANG_ANALYZER_NONNULL = YES;
				CLANG_ANALYZER_NUMBER_OBJECT_CONVERSION = YES_AGGRESSIVE;
				CLANG_CXX_LANGUAGE_STANDARD = "gnu++14";
				CLANG_CXX_LIBRARY = "libc++";
				CLANG_ENABLE_MODULES = YES;
				CLANG_ENABLE_OBJC_ARC = YES;
				CLANG_ENABLE_OBJC_WEAK = YES;
				CLANG_WARN_BLOCK_CAPTURE_AUTORELEASING = YES;
				CLANG_WARN_BOOL_CONVERSION = YES;
				CLANG_WARN_COMMA = YES;
				CLANG_WARN_CONSTANT_CONVERSION = YES;
				CLANG_WARN_DEPRECATED_OBJC_IMPLEMENTATIONS = YES;
				CLANG_WARN_DIRECT_OBJC_ISA_USAGE = YES_ERROR;
				CLANG_WARN_DOCUMENTATION_COMMENTS = YES;
				CLANG_WARN_EMPTY_BODY = YES;
				CLANG_WARN_ENUM_CONVERSION = YES;
				CLANG_WARN_INFINITE_RECURSION = YES;
				CLANG_WARN_INT_CONVERSION = YES;
				CLANG_WARN_NON_LITERAL_NULL_CONVERSION = YES;
				CLANG_WARN_OBJC_IMPLICIT_RETAIN_SELF = YES;
				CLANG_WARN_OBJC_LITERAL_CONVERSION = YES;
				CLANG_WARN_OBJC_ROOT_CLASS = YES_ERROR;
				CLANG_WARN_RANGE_LOOP_ANALYSIS = YES;
				CLANG_WARN_STRICT_PROTOTYPES = YES;
				CLANG_WARN_SUSPICIOUS_MOVE = YES;
				CLANG_WARN_UNGUARDED_AVAILABILITY = YES_AGGRESSIVE;
				CLANG_WARN_UNREACHABLE_CODE = YES;
				CLANG_WARN__DUPLICATE_METHOD_MATCH = YES;
				COPY_PHASE_STRIP = NO;
				DEBUG_INFORMATION_FORMAT = dwarf;
				ENABLE_STRICT_OBJC_MSGSEND = YES;
				ENABLE_TESTABILITY = YES;
				GCC_C_LANGUAGE_STANDARD = gnu11;
				GCC_DYNAMIC_NO_PIC = NO;
				GCC_NO_COMMON_BLOCKS = YES;
				GCC_OPTIMIZATION_LEVEL = 0;
				GCC_PREPROCESSOR_DEFINITIONS = (
					"DEBUG=1",
					"$(inherited)",
				);
				GCC_WARN_64_TO_32_BIT_CONVERSION = YES;
				GCC_WARN_ABOUT_RETURN_TYPE = YES_ERROR;
				GCC_WARN_UNDECLARED_SELECTOR = YES;
				GCC_WARN_UNINITIALIZED_AUTOS = YES_AGGRESSIVE;
				GCC_WARN_UNUSED_FUNCTION = YES;
				GCC_WARN_UNUSED_VARIABLE = YES;
				IPHONEOS_DEPLOYMENT_TARGET = 13.2;
				MTL_ENABLE_DEBUG_INFO = INCLUDE_SOURCE;
				MTL_FAST_MATH = YES;
				ONLY_ACTIVE_ARCH = YES;
				SDKROOT = iphoneos;
				SWIFT_ACTIVE_COMPILATION_CONDITIONS = DEBUG;
				SWIFT_OPTIMIZATION_LEVEL = "-Onone";
			};
			name = Debug;
		};
		44311BF92410013700055D08 /* Release */ = {
			isa = XCBuildConfiguration;
			buildSettings = {
				ALWAYS_SEARCH_USER_PATHS = NO;
				CLANG_ANALYZER_NONNULL = YES;
				CLANG_ANALYZER_NUMBER_OBJECT_CONVERSION = YES_AGGRESSIVE;
				CLANG_CXX_LANGUAGE_STANDARD = "gnu++14";
				CLANG_CXX_LIBRARY = "libc++";
				CLANG_ENABLE_MODULES = YES;
				CLANG_ENABLE_OBJC_ARC = YES;
				CLANG_ENABLE_OBJC_WEAK = YES;
				CLANG_WARN_BLOCK_CAPTURE_AUTORELEASING = YES;
				CLANG_WARN_BOOL_CONVERSION = YES;
				CLANG_WARN_COMMA = YES;
				CLANG_WARN_CONSTANT_CONVERSION = YES;
				CLANG_WARN_DEPRECATED_OBJC_IMPLEMENTATIONS = YES;
				CLANG_WARN_DIRECT_OBJC_ISA_USAGE = YES_ERROR;
				CLANG_WARN_DOCUMENTATION_COMMENTS = YES;
				CLANG_WARN_EMPTY_BODY = YES;
				CLANG_WARN_ENUM_CONVERSION = YES;
				CLANG_WARN_INFINITE_RECURSION = YES;
				CLANG_WARN_INT_CONVERSION = YES;
				CLANG_WARN_NON_LITERAL_NULL_CONVERSION = YES;
				CLANG_WARN_OBJC_IMPLICIT_RETAIN_SELF = YES;
				CLANG_WARN_OBJC_LITERAL_CONVERSION = YES;
				CLANG_WARN_OBJC_ROOT_CLASS = YES_ERROR;
				CLANG_WARN_RANGE_LOOP_ANALYSIS = YES;
				CLANG_WARN_STRICT_PROTOTYPES = YES;
				CLANG_WARN_SUSPICIOUS_MOVE = YES;
				CLANG_WARN_UNGUARDED_AVAILABILITY = YES_AGGRESSIVE;
				CLANG_WARN_UNREACHABLE_CODE = YES;
				CLANG_WARN__DUPLICATE_METHOD_MATCH = YES;
				COPY_PHASE_STRIP = NO;
				DEBUG_INFORMATION_FORMAT = "dwarf-with-dsym";
				ENABLE_NS_ASSERTIONS = NO;
				ENABLE_STRICT_OBJC_MSGSEND = YES;
				GCC_C_LANGUAGE_STANDARD = gnu11;
				GCC_NO_COMMON_BLOCKS = YES;
				GCC_WARN_64_TO_32_BIT_CONVERSION = YES;
				GCC_WARN_ABOUT_RETURN_TYPE = YES_ERROR;
				GCC_WARN_UNDECLARED_SELECTOR = YES;
				GCC_WARN_UNINITIALIZED_AUTOS = YES_AGGRESSIVE;
				GCC_WARN_UNUSED_FUNCTION = YES;
				GCC_WARN_UNUSED_VARIABLE = YES;
				IPHONEOS_DEPLOYMENT_TARGET = 13.2;
				MTL_ENABLE_DEBUG_INFO = NO;
				MTL_FAST_MATH = YES;
				SDKROOT = iphoneos;
				SWIFT_COMPILATION_MODE = wholemodule;
				SWIFT_OPTIMIZATION_LEVEL = "-O";
				VALIDATE_PRODUCT = YES;
			};
			name = Release;
		};
		44311BFB2410013700055D08 /* Debug */ = {
			isa = XCBuildConfiguration;
			buildSettings = {
				ASSETCATALOG_COMPILER_APPICON_NAME = AppIcon;
				CODE_SIGN_STYLE = Automatic;
				DEVELOPMENT_TEAM = DX3FKMWYLL;
				INFOPLIST_FILE = MySNS/Info.plist;
				LD_RUNPATH_SEARCH_PATHS = (
					"$(inherited)",
					"@executable_path/Frameworks",
				);
				PRODUCT_BUNDLE_IDENTIFIER = com.icloud.kaitokudou2468110921.MySNS;
				PRODUCT_NAME = "$(TARGET_NAME)";
				SWIFT_VERSION = 5.0;
				TARGETED_DEVICE_FAMILY = "1,2";
			};
			name = Debug;
		};
		44311BFC2410013700055D08 /* Release */ = {
			isa = XCBuildConfiguration;
			buildSettings = {
				ASSETCATALOG_COMPILER_APPICON_NAME = AppIcon;
				CODE_SIGN_STYLE = Automatic;
				DEVELOPMENT_TEAM = DX3FKMWYLL;
				INFOPLIST_FILE = MySNS/Info.plist;
				LD_RUNPATH_SEARCH_PATHS = (
					"$(inherited)",
					"@executable_path/Frameworks",
				);
				PRODUCT_BUNDLE_IDENTIFIER = com.icloud.kaitokudou2468110921.MySNS;
				PRODUCT_NAME = "$(TARGET_NAME)";
				SWIFT_VERSION = 5.0;
				TARGETED_DEVICE_FAMILY = "1,2";
			};
			name = Release;
		};
		44311BFE2410013700055D08 /* Debug */ = {
			isa = XCBuildConfiguration;
			buildSettings = {
				ALWAYS_EMBED_SWIFT_STANDARD_LIBRARIES = YES;
				BUNDLE_LOADER = "$(TEST_HOST)";
				CODE_SIGN_STYLE = Automatic;
				DEVELOPMENT_TEAM = DX3FKMWYLL;
				INFOPLIST_FILE = MySNSTests/Info.plist;
				IPHONEOS_DEPLOYMENT_TARGET = 13.2;
				LD_RUNPATH_SEARCH_PATHS = (
					"$(inherited)",
					"@executable_path/Frameworks",
					"@loader_path/Frameworks",
				);
				PRODUCT_BUNDLE_IDENTIFIER = com.icloud.kaitokudou2468110921.MySNSTests;
				PRODUCT_NAME = "$(TARGET_NAME)";
				SWIFT_VERSION = 5.0;
				TARGETED_DEVICE_FAMILY = "1,2";
				TEST_HOST = "$(BUILT_PRODUCTS_DIR)/MySNS.app/MySNS";
			};
			name = Debug;
		};
		44311BFF2410013700055D08 /* Release */ = {
			isa = XCBuildConfiguration;
			buildSettings = {
				ALWAYS_EMBED_SWIFT_STANDARD_LIBRARIES = YES;
				BUNDLE_LOADER = "$(TEST_HOST)";
				CODE_SIGN_STYLE = Automatic;
				DEVELOPMENT_TEAM = DX3FKMWYLL;
				INFOPLIST_FILE = MySNSTests/Info.plist;
				IPHONEOS_DEPLOYMENT_TARGET = 13.2;
				LD_RUNPATH_SEARCH_PATHS = (
					"$(inherited)",
					"@executable_path/Frameworks",
					"@loader_path/Frameworks",
				);
				PRODUCT_BUNDLE_IDENTIFIER = com.icloud.kaitokudou2468110921.MySNSTests;
				PRODUCT_NAME = "$(TARGET_NAME)";
				SWIFT_VERSION = 5.0;
				TARGETED_DEVICE_FAMILY = "1,2";
				TEST_HOST = "$(BUILT_PRODUCTS_DIR)/MySNS.app/MySNS";
			};
			name = Release;
		};
		44311C012410013700055D08 /* Debug */ = {
			isa = XCBuildConfiguration;
			buildSettings = {
				ALWAYS_EMBED_SWIFT_STANDARD_LIBRARIES = YES;
				CODE_SIGN_STYLE = Automatic;
				DEVELOPMENT_TEAM = DX3FKMWYLL;
				INFOPLIST_FILE = MySNSUITests/Info.plist;
				LD_RUNPATH_SEARCH_PATHS = (
					"$(inherited)",
					"@executable_path/Frameworks",
					"@loader_path/Frameworks",
				);
				PRODUCT_BUNDLE_IDENTIFIER = com.icloud.kaitokudou2468110921.MySNSUITests;
				PRODUCT_NAME = "$(TARGET_NAME)";
				SWIFT_VERSION = 5.0;
				TARGETED_DEVICE_FAMILY = "1,2";
				TEST_TARGET_NAME = MySNS;
			};
			name = Debug;
		};
		44311C022410013700055D08 /* Release */ = {
			isa = XCBuildConfiguration;
			buildSettings = {
				ALWAYS_EMBED_SWIFT_STANDARD_LIBRARIES = YES;
				CODE_SIGN_STYLE = Automatic;
				DEVELOPMENT_TEAM = DX3FKMWYLL;
				INFOPLIST_FILE = MySNSUITests/Info.plist;
				LD_RUNPATH_SEARCH_PATHS = (
					"$(inherited)",
					"@executable_path/Frameworks",
					"@loader_path/Frameworks",
				);
				PRODUCT_BUNDLE_IDENTIFIER = com.icloud.kaitokudou2468110921.MySNSUITests;
				PRODUCT_NAME = "$(TARGET_NAME)";
				SWIFT_VERSION = 5.0;
				TARGETED_DEVICE_FAMILY = "1,2";
				TEST_TARGET_NAME = MySNS;
			};
			name = Release;
		};
/* End XCBuildConfiguration section */

/* Begin XCConfigurationList section */
		44311BCB2410012C00055D08 /* Build configuration list for PBXProject "MySNS" */ = {
			isa = XCConfigurationList;
			buildConfigurations = (
				44311BF82410013700055D08 /* Debug */,
				44311BF92410013700055D08 /* Release */,
			);
			defaultConfigurationIsVisible = 0;
			defaultConfigurationName = Release;
		};
		44311BFA2410013700055D08 /* Build configuration list for PBXNativeTarget "MySNS" */ = {
			isa = XCConfigurationList;
			buildConfigurations = (
				44311BFB2410013700055D08 /* Debug */,
				44311BFC2410013700055D08 /* Release */,
			);
			defaultConfigurationIsVisible = 0;
			defaultConfigurationName = Release;
		};
		44311BFD2410013700055D08 /* Build configuration list for PBXNativeTarget "MySNSTests" */ = {
			isa = XCConfigurationList;
			buildConfigurations = (
				44311BFE2410013700055D08 /* Debug */,
				44311BFF2410013700055D08 /* Release */,
			);
			defaultConfigurationIsVisible = 0;
			defaultConfigurationName = Release;
		};
		44311C002410013700055D08 /* Build configuration list for PBXNativeTarget "MySNSUITests" */ = {
			isa = XCConfigurationList;
			buildConfigurations = (
				44311C012410013700055D08 /* Debug */,
				44311C022410013700055D08 /* Release */,
			);
			defaultConfigurationIsVisible = 0;
			defaultConfigurationName = Release;
		};
/* End XCConfigurationList section */
	};
	rootObject = 44311BC82410012C00055D08 /* Project object */;
}
